Microsoft Visual Studio Solution File, Format Version 12.00
# Visual Studio Version 17
VisualStudioVersion = 17.5.2.0
MinimumVisualStudioVersion = 10.0.40219.1
Project("{FAE04EC0-301F-11D3-BF4B-00C04F79EFBC}") = "IfElseIf", "IfElseIf.csproj", "{D8C9FBB4-15B7-FFC5-D128-0E275B132411}"
EndProject
Global
	GlobalSection(SolutionConfigurationPlatforms) = preSolution
		Debug|Any CPU = Debug|Any CPU
		Release|Any CPU = Release|Any CPU
	EndGlobalSection
	GlobalSection(ProjectConfigurationPlatforms) = postSolution
		{D8C9FBB4-15B7-FFC5-D128-0E275B132411}.Debug|Any CPU.ActiveCfg = Debug|Any CPU
		{D8C9FBB4-15B7-FFC5-D128-0E275B132411}.Debug|Any CPU.Build.0 = Debug|Any CPU
		{D8C9FBB4-15B7-FFC5-D128-0E275B132411}.Release|Any CPU.ActiveCfg = Release|Any CPU
		{D8C9FBB4-15B7-FFC5-D128-0E275B132411}.Release|Any CPU.Build.0 = Release|Any CPU
	EndGlobalSection
	GlobalSection(SolutionProperties) = preSolution
		HideSolutionNode = FALSE
	EndGlobalSection
	GlobalSection(ExtensibilityGlobals) = postSolution
		SolutionGuid = {0C569073-1177-438D-A943-078FABC83550}
	EndGlobalSection
EndGlobal
